// !$*UTF8*$!
{
	archiveVersion = 1;
	classes = {
	};
	objectVersion = 46;
	objects = {

/* Begin PBXBuildFile section */
		774B913418EC7D6A00D028BE /* Foundation.framework in Frameworks */ = {isa = PBXBuildFile; fileRef = 774B913318EC7D6A00D028BE /* Foundation.framework */; };
		774B913618EC7D6A00D028BE /* CoreGraphics.framework in Frameworks */ = {isa = PBXBuildFile; fileRef = 774B913518EC7D6A00D028BE /* CoreGraphics.framework */; };
		774B913818EC7D6A00D028BE /* UIKit.framework in Frameworks */ = {isa = PBXBuildFile; fileRef = 774B913718EC7D6A00D028BE /* UIKit.framework */; };
		774B913E18EC7D6A00D028BE /* InfoPlist.strings in Resources */ = {isa = PBXBuildFile; fileRef = 774B913C18EC7D6A00D028BE /* InfoPlist.strings */; };
		774B914018EC7D6A00D028BE /* main.m in Sources */ = {isa = PBXBuildFile; fileRef = 774B913F18EC7D6A00D028BE /* main.m */; };
		774B914418EC7D6A00D028BE /* mbaAppDelegate.m in Sources */ = {isa = PBXBuildFile; fileRef = 774B914318EC7D6A00D028BE /* mbaAppDelegate.m */; };
		774B914718EC7D6A00D028BE /* Main_iPhone.storyboard in Resources */ = {isa = PBXBuildFile; fileRef = 774B914518EC7D6A00D028BE /* Main_iPhone.storyboard */; };
		774B914A18EC7D6A00D028BE /* Main_iPad.storyboard in Resources */ = {isa = PBXBuildFile; fileRef = 774B914818EC7D6A00D028BE /* Main_iPad.storyboard */; };
		774B914D18EC7D6A00D028BE /* mbaLabelsViewController.m in Sources */ = {isa = PBXBuildFile; fileRef = 774B914C18EC7D6A00D028BE /* mbaLabelsViewController.m */; };
		774B915018EC7D6A00D028BE /* mbaSettingsViewController.m in Sources */ = {isa = PBXBuildFile; fileRef = 774B914F18EC7D6A00D028BE /* mbaSettingsViewController.m */; };
		774B915218EC7D6A00D028BE /* Images.xcassets in Resources */ = {isa = PBXBuildFile; fileRef = 774B915118EC7D6A00D028BE /* Images.xcassets */; };
		774B915918EC7D6B00D028BE /* XCTest.framework in Frameworks */ = {isa = PBXBuildFile; fileRef = 774B915818EC7D6B00D028BE /* XCTest.framework */; };
		774B915A18EC7D6B00D028BE /* Foundation.framework in Frameworks */ = {isa = PBXBuildFile; fileRef = 774B913318EC7D6A00D028BE /* Foundation.framework */; };
		774B915B18EC7D6B00D028BE /* UIKit.framework in Frameworks */ = {isa = PBXBuildFile; fileRef = 774B913718EC7D6A00D028BE /* UIKit.framework */; };
		774B916318EC7D6B00D028BE /* InfoPlist.strings in Resources */ = {isa = PBXBuildFile; fileRef = 774B916118EC7D6B00D028BE /* InfoPlist.strings */; };
		774B916518EC7D6B00D028BE /* carTests.m in Sources */ = {isa = PBXBuildFile; fileRef = 774B916418EC7D6B00D028BE /* carTests.m */; };
		777439F6192D19EE001CDBAD /* mbaSettingsView.m in Sources */ = {isa = PBXBuildFile; fileRef = 777439F5192D19EE001CDBAD /* mbaSettingsView.m */; };
		77A57A3519365D590039B742 /* mbaLabelsView.m in Sources */ = {isa = PBXBuildFile; fileRef = 77A57A3419365D590039B742 /* mbaLabelsView.m */; };
		77B4C19F193F7E2F00CEA6B2 /* mbaButtonsViewController.m in Sources */ = {isa = PBXBuildFile; fileRef = 77B4C19E193F7E2F00CEA6B2 /* mbaButtonsViewController.m */; };
		77B4C1A2193F8CA000CEA6B2 /* mbaBaseViewController.m in Sources */ = {isa = PBXBuildFile; fileRef = 77B4C1A1193F8CA000CEA6B2 /* mbaBaseViewController.m */; };
		77CEB4841923D74500938845 /* mbaTabBarController.m in Sources */ = {isa = PBXBuildFile; fileRef = 77CEB4831923D74500938845 /* mbaTabBarController.m */; };
		AA425CF44FE24E609ED7C742 /* libPods.a in Frameworks */ = {isa = PBXBuildFile; fileRef = EBF8F489A21B4A7FA2482B40 /* libPods.a */; };
/* End PBXBuildFile section */

/* Begin PBXContainerItemProxy section */
		774B915C18EC7D6B00D028BE /* PBXContainerItemProxy */ = {
			isa = PBXContainerItemProxy;
			containerPortal = 774B912818EC7D6A00D028BE /* Project object */;
			proxyType = 1;
			remoteGlobalIDString = 774B912F18EC7D6A00D028BE;
			remoteInfo = car;
		};
/* End PBXContainerItemProxy section */

/* Begin PBXFileReference section */
		774B913018EC7D6A00D028BE /* car.app */ = {isa = PBXFileReference; explicitFileType = wrapper.application; includeInIndex = 0; path = car.app; sourceTree = BUILT_PRODUCTS_DIR; };
		774B913318EC7D6A00D028BE /* Foundation.framework */ = {isa = PBXFileReference; lastKnownFileType = wrapper.framework; name = Foundation.framework; path = System/Library/Frameworks/Foundation.framework; sourceTree = SDKROOT; };
		774B913518EC7D6A00D028BE /* CoreGraphics.framework */ = {isa = PBXFileReference; lastKnownFileType = wrapper.framework; name = CoreGraphics.framework; path = System/Library/Frameworks/CoreGraphics.framework; sourceTree = SDKROOT; };
		774B913718EC7D6A00D028BE /* UIKit.framework */ = {isa = PBXFileReference; lastKnownFileType = wrapper.framework; name = UIKit.framework; path = System/Library/Frameworks/UIKit.framework; sourceTree = SDKROOT; };
		774B913B18EC7D6A00D028BE /* car-Info.plist */ = {isa = PBXFileReference; lastKnownFileType = text.plist.xml; path = "car-Info.plist"; sourceTree = "<group>"; };
		774B913D18EC7D6A00D028BE /* en */ = {isa = PBXFileReference; lastKnownFileType = text.plist.strings; name = en; path = en.lproj/InfoPlist.strings; sourceTree = "<group>"; };
		774B913F18EC7D6A00D028BE /* main.m */ = {isa = PBXFileReference; lastKnownFileType = sourcecode.c.objc; path = main.m; sourceTree = "<group>"; };
		774B914118EC7D6A00D028BE /* car-Prefix.pch */ = {isa = PBXFileReference; lastKnownFileType = sourcecode.c.h; path = "car-Prefix.pch"; sourceTree = "<group>"; };
		774B914218EC7D6A00D028BE /* mbaAppDelegate.h */ = {isa = PBXFileReference; lastKnownFileType = sourcecode.c.h; path = mbaAppDelegate.h; sourceTree = "<group>"; };
		774B914318EC7D6A00D028BE /* mbaAppDelegate.m */ = {isa = PBXFileReference; lastKnownFileType = sourcecode.c.objc; path = mbaAppDelegate.m; sourceTree = "<group>"; };
		774B914618EC7D6A00D028BE /* Base */ = {isa = PBXFileReference; lastKnownFileType = file.storyboard; name = Base; path = Base.lproj/Main_iPhone.storyboard; sourceTree = "<group>"; };
		774B914918EC7D6A00D028BE /* Base */ = {isa = PBXFileReference; lastKnownFileType = file.storyboard; name = Base; path = Base.lproj/Main_iPad.storyboard; sourceTree = "<group>"; };
		774B914B18EC7D6A00D028BE /* mbaLabelsViewController.h */ = {isa = PBXFileReference; lastKnownFileType = sourcecode.c.h; path = mbaLabelsViewController.h; sourceTree = "<group>"; };
		774B914C18EC7D6A00D028BE /* mbaLabelsViewController.m */ = {isa = PBXFileReference; lastKnownFileType = sourcecode.c.objc; path = mbaLabelsViewController.m; sourceTree = "<group>"; };
		774B914E18EC7D6A00D028BE /* mbaSettingsViewController.h */ = {isa = PBXFileReference; lastKnownFileType = sourcecode.c.h; path = mbaSettingsViewController.h; sourceTree = "<group>"; };
		774B914F18EC7D6A00D028BE /* mbaSettingsViewController.m */ = {isa = PBXFileReference; lastKnownFileType = sourcecode.c.objc; path = mbaSettingsViewController.m; sourceTree = "<group>"; };
		774B915118EC7D6A00D028BE /* Images.xcassets */ = {isa = PBXFileReference; lastKnownFileType = folder.assetcatalog; path = Images.xcassets; sourceTree = "<group>"; };
		774B915718EC7D6B00D028BE /* carTests.xctest */ = {isa = PBXFileReference; explicitFileType = wrapper.cfbundle; includeInIndex = 0; path = carTests.xctest; sourceTree = BUILT_PRODUCTS_DIR; };
		774B915818EC7D6B00D028BE /* XCTest.framework */ = {isa = PBXFileReference; lastKnownFileType = wrapper.framework; name = XCTest.framework; path = Library/Frameworks/XCTest.framework; sourceTree = DEVELOPER_DIR; };
		774B916018EC7D6B00D028BE /* carTests-Info.plist */ = {isa = PBXFileReference; lastKnownFileType = text.plist.xml; path = "carTests-Info.plist"; sourceTree = "<group>"; };
		774B916218EC7D6B00D028BE /* en */ = {isa = PBXFileReference; lastKnownFileType = text.plist.strings; name = en; path = en.lproj/InfoPlist.strings; sourceTree = "<group>"; };
		774B916418EC7D6B00D028BE /* carTests.m */ = {isa = PBXFileReference; lastKnownFileType = sourcecode.c.objc; path = carTests.m; sourceTree = "<group>"; };
		777439F4192D19EE001CDBAD /* mbaSettingsView.h */ = {isa = PBXFileReference; fileEncoding = 4; lastKnownFileType = sourcecode.c.h; path = mbaSettingsView.h; sourceTree = "<group>"; };
		777439F5192D19EE001CDBAD /* mbaSettingsView.m */ = {isa = PBXFileReference; fileEncoding = 4; lastKnownFileType = sourcecode.c.objc; path = mbaSettingsView.m; sourceTree = "<group>"; };
		77A57A3319365D590039B742 /* mbaLabelsView.h */ = {isa = PBXFileReference; fileEncoding = 4; lastKnownFileType = sourcecode.c.h; path = mbaLabelsView.h; sourceTree = "<group>"; };
		77A57A3419365D590039B742 /* mbaLabelsView.m */ = {isa = PBXFileReference; fileEncoding = 4; lastKnownFileType = sourcecode.c.objc; path = mbaLabelsView.m; sourceTree = "<group>"; };
		77B4C19D193F7E2F00CEA6B2 /* mbaButtonsViewController.h */ = {isa = PBXFileReference; fileEncoding = 4; lastKnownFileType = sourcecode.c.h; path = mbaButtonsViewController.h; sourceTree = "<group>"; };
		77B4C19E193F7E2F00CEA6B2 /* mbaButtonsViewController.m */ = {isa = PBXFileReference; fileEncoding = 4; lastKnownFileType = sourcecode.c.objc; path = mbaButtonsViewController.m; sourceTree = "<group>"; };
		77B4C1A0193F8CA000CEA6B2 /* mbaBaseViewController.h */ = {isa = PBXFileReference; fileEncoding = 4; lastKnownFileType = sourcecode.c.h; path = mbaBaseViewController.h; sourceTree = "<group>"; };
		77B4C1A1193F8CA000CEA6B2 /* mbaBaseViewController.m */ = {isa = PBXFileReference; fileEncoding = 4; lastKnownFileType = sourcecode.c.objc; path = mbaBaseViewController.m; sourceTree = "<group>"; };
		77CEB4821923D74500938845 /* mbaTabBarController.h */ = {isa = PBXFileReference; fileEncoding = 4; lastKnownFileType = sourcecode.c.h; path = mbaTabBarController.h; sourceTree = "<group>"; };
		77CEB4831923D74500938845 /* mbaTabBarController.m */ = {isa = PBXFileReference; fileEncoding = 4; lastKnownFileType = sourcecode.c.objc; path = mbaTabBarController.m; sourceTree = "<group>"; };
		ACD120DE3BDC466A926E7731 /* Pods.xcconfig */ = {isa = PBXFileReference; includeInIndex = 1; lastKnownFileType = text.xcconfig; name = Pods.xcconfig; path = Pods/Pods.xcconfig; sourceTree = "<group>"; };
		EBF8F489A21B4A7FA2482B40 /* libPods.a */ = {isa = PBXFileReference; explicitFileType = archive.ar; includeInIndex = 0; path = libPods.a; sourceTree = BUILT_PRODUCTS_DIR; };
/* End PBXFileReference section */

/* Begin PBXFrameworksBuildPhase section */
		774B912D18EC7D6A00D028BE /* Frameworks */ = {
			isa = PBXFrameworksBuildPhase;
			buildActionMask = 2147483647;
			files = (
				774B913618EC7D6A00D028BE /* CoreGraphics.framework in Frameworks */,
				774B913818EC7D6A00D028BE /* UIKit.framework in Frameworks */,
				774B913418EC7D6A00D028BE /* Foundation.framework in Frameworks */,
				AA425CF44FE24E609ED7C742 /* libPods.a in Frameworks */,
			);
			runOnlyForDeploymentPostprocessing = 0;
		};
		774B915418EC7D6B00D028BE /* Frameworks */ = {
			isa = PBXFrameworksBuildPhase;
			buildActionMask = 2147483647;
			files = (
				774B915918EC7D6B00D028BE /* XCTest.framework in Frameworks */,
				774B915B18EC7D6B00D028BE /* UIKit.framework in Frameworks */,
				774B915A18EC7D6B00D028BE /* Foundation.framework in Frameworks */,
			);
			runOnlyForDeploymentPostprocessing = 0;
		};
/* End PBXFrameworksBuildPhase section */

/* Begin PBXGroup section */
		774B912718EC7D6A00D028BE = {
			isa = PBXGroup;
			children = (
				774B913918EC7D6A00D028BE /* car */,
				774B915E18EC7D6B00D028BE /* carTests */,
				774B913218EC7D6A00D028BE /* Frameworks */,
				774B913118EC7D6A00D028BE /* Products */,
				ACD120DE3BDC466A926E7731 /* Pods.xcconfig */,
			);
			sourceTree = "<group>";
		};
		774B913118EC7D6A00D028BE /* Products */ = {
			isa = PBXGroup;
			children = (
				774B913018EC7D6A00D028BE /* car.app */,
				774B915718EC7D6B00D028BE /* carTests.xctest */,
			);
			name = Products;
			sourceTree = "<group>";
		};
		774B913218EC7D6A00D028BE /* Frameworks */ = {
			isa = PBXGroup;
			children = (
				774B913318EC7D6A00D028BE /* Foundation.framework */,
				774B913518EC7D6A00D028BE /* CoreGraphics.framework */,
				774B913718EC7D6A00D028BE /* UIKit.framework */,
				774B915818EC7D6B00D028BE /* XCTest.framework */,
				EBF8F489A21B4A7FA2482B40 /* libPods.a */,
			);
			name = Frameworks;
			sourceTree = "<group>";
		};
		774B913918EC7D6A00D028BE /* car */ = {
			isa = PBXGroup;
			children = (
				774B914218EC7D6A00D028BE /* mbaAppDelegate.h */,
				774B914318EC7D6A00D028BE /* mbaAppDelegate.m */,
				774B914518EC7D6A00D028BE /* Main_iPhone.storyboard */,
				774B914818EC7D6A00D028BE /* Main_iPad.storyboard */,
				77B4C1A0193F8CA000CEA6B2 /* mbaBaseViewController.h */,
				77B4C1A1193F8CA000CEA6B2 /* mbaBaseViewController.m */,
				774B914B18EC7D6A00D028BE /* mbaLabelsViewController.h */,
				774B914C18EC7D6A00D028BE /* mbaLabelsViewController.m */,
				77A57A3319365D590039B742 /* mbaLabelsView.h */,
				77A57A3419365D590039B742 /* mbaLabelsView.m */,
				77B4C19D193F7E2F00CEA6B2 /* mbaButtonsViewController.h */,
				77B4C19E193F7E2F00CEA6B2 /* mbaButtonsViewController.m */,
				774B914E18EC7D6A00D028BE /* mbaSettingsViewController.h */,
				774B914F18EC7D6A00D028BE /* mbaSettingsViewController.m */,
				777439F4192D19EE001CDBAD /* mbaSettingsView.h */,
				777439F5192D19EE001CDBAD /* mbaSettingsView.m */,
				77CEB4821923D74500938845 /* mbaTabBarController.h */,
				77CEB4831923D74500938845 /* mbaTabBarController.m */,
				774B915118EC7D6A00D028BE /* Images.xcassets */,
				774B913A18EC7D6A00D028BE /* Supporting Files */,
			);
			path = car;
			sourceTree = "<group>";
		};
		774B913A18EC7D6A00D028BE /* Supporting Files */ = {
			isa = PBXGroup;
			children = (
				774B913B18EC7D6A00D028BE /* car-Info.plist */,
				774B913C18EC7D6A00D028BE /* InfoPlist.strings */,
				774B913F18EC7D6A00D028BE /* main.m */,
				774B914118EC7D6A00D028BE /* car-Prefix.pch */,
			);
			name = "Supporting Files";
			sourceTree = "<group>";
		};
		774B915E18EC7D6B00D028BE /* carTests */ = {
			isa = PBXGroup;
			children = (
				774B916418EC7D6B00D028BE /* carTests.m */,
				774B915F18EC7D6B00D028BE /* Supporting Files */,
			);
			path = carTests;
			sourceTree = "<group>";
		};
		774B915F18EC7D6B00D028BE /* Supporting Files */ = {
			isa = PBXGroup;
			children = (
				774B916018EC7D6B00D028BE /* carTests-Info.plist */,
				774B916118EC7D6B00D028BE /* InfoPlist.strings */,
			);
			name = "Supporting Files";
			sourceTree = "<group>";
		};
/* End PBXGroup section */

/* Begin PBXNativeTarget section */
		774B912F18EC7D6A00D028BE /* car */ = {
			isa = PBXNativeTarget;
			buildConfigurationList = 774B916818EC7D6B00D028BE /* Build configuration list for PBXNativeTarget "car" */;
			buildPhases = (
				2AE14A41FB5449D090EE042E /* Check Pods Manifest.lock */,
				774B912C18EC7D6A00D028BE /* Sources */,
				774B912D18EC7D6A00D028BE /* Frameworks */,
				774B912E18EC7D6A00D028BE /* Resources */,
				5742F02EFCA24BA5BF2BF36D /* Copy Pods Resources */,
			);
			buildRules = (
			);
			dependencies = (
			);
			name = car;
			productName = car;
			productReference = 774B913018EC7D6A00D028BE /* car.app */;
			productType = "com.apple.product-type.application";
		};
		774B915618EC7D6B00D028BE /* carTests */ = {
			isa = PBXNativeTarget;
			buildConfigurationList = 774B916B18EC7D6B00D028BE /* Build configuration list for PBXNativeTarget "carTests" */;
			buildPhases = (
				774B915318EC7D6B00D028BE /* Sources */,
				774B915418EC7D6B00D028BE /* Frameworks */,
				774B915518EC7D6B00D028BE /* Resources */,
			);
			buildRules = (
			);
			dependencies = (
				774B915D18EC7D6B00D028BE /* PBXTargetDependency */,
			);
			name = carTests;
			productName = carTests;
			productReference = 774B915718EC7D6B00D028BE /* carTests.xctest */;
			productType = "com.apple.product-type.bundle.unit-test";
		};
/* End PBXNativeTarget section */

/* Begin PBXProject section */
		774B912818EC7D6A00D028BE /* Project object */ = {
			isa = PBXProject;
			attributes = {
				CLASSPREFIX = mba;
				LastUpgradeCheck = 0510;
				ORGANIZATIONNAME = "Martin Bartusek";
				TargetAttributes = {
					774B915618EC7D6B00D028BE = {
						TestTargetID = 774B912F18EC7D6A00D028BE;
					};
				};
			};
			buildConfigurationList = 774B912B18EC7D6A00D028BE /* Build configuration list for PBXProject "car" */;
			compatibilityVersion = "Xcode 3.2";
			developmentRegion = English;
			hasScannedForEncodings = 0;
			knownRegions = (
				en,
				Base,
			);
			mainGroup = 774B912718EC7D6A00D028BE;
			productRefGroup = 774B913118EC7D6A00D028BE /* Products */;
			projectDirPath = "";
			projectRoot = "";
			targets = (
				774B912F18EC7D6A00D028BE /* car */,
				774B915618EC7D6B00D028BE /* carTests */,
			);
		};
/* End PBXProject section */

/* Begin PBXResourcesBuildPhase section */
		774B912E18EC7D6A00D028BE /* Resources */ = {
			isa = PBXResourcesBuildPhase;
			buildActionMask = 2147483647;
			files = (
				774B914A18EC7D6A00D028BE /* Main_iPad.storyboard in Resources */,
				774B915218EC7D6A00D028BE /* Images.xcassets in Resources */,
				774B914718EC7D6A00D028BE /* Main_iPhone.storyboard in Resources */,
				774B913E18EC7D6A00D028BE /* InfoPlist.strings in Resources */,
			);
			runOnlyForDeploymentPostprocessing = 0;
		};
		774B915518EC7D6B00D028BE /* Resources */ = {
			isa = PBXResourcesBuildPhase;
			buildActionMask = 2147483647;
			files = (
				774B916318EC7D6B00D028BE /* InfoPlist.strings in Resources */,
			);
			runOnlyForDeploymentPostprocessing = 0;
		};
/* End PBXResourcesBuildPhase section */

/* Begin PBXShellScriptBuildPhase section */
		2AE14A41FB5449D090EE042E /* Check Pods Manifest.lock */ = {
			isa = PBXShellScriptBuildPhase;
			buildActionMask = 2147483647;
			files = (
			);
			inputPaths = (
			);
			name = "Check Pods Manifest.lock";
			outputPaths = (
			);
			runOnlyForDeploymentPostprocessing = 0;
			shellPath = /bin/sh;
			shellScript = "diff \"${PODS_ROOT}/../Podfile.lock\" \"${PODS_ROOT}/Manifest.lock\" > /dev/null\nif [[ $? != 0 ]] ; then\n    cat << EOM\nerror: The sandbox is not in sync with the Podfile.lock. Run 'pod install' or update your CocoaPods installation.\nEOM\n    exit 1\nfi\n";
			showEnvVarsInLog = 0;
		};
		5742F02EFCA24BA5BF2BF36D /* Copy Pods Resources */ = {
			isa = PBXShellScriptBuildPhase;
			buildActionMask = 2147483647;
			files = (
			);
			inputPaths = (
			);
			name = "Copy Pods Resources";
			outputPaths = (
			);
			runOnlyForDeploymentPostprocessing = 0;
			shellPath = /bin/sh;
			shellScript = "\"${SRCROOT}/Pods/Pods-resources.sh\"\n";
			showEnvVarsInLog = 0;
		};
/* End PBXShellScriptBuildPhase section */

/* Begin PBXSourcesBuildPhase section */
		774B912C18EC7D6A00D028BE /* Sources */ = {
			isa = PBXSourcesBuildPhase;
			buildActionMask = 2147483647;
			files = (
				77CEB4841923D74500938845 /* mbaTabBarController.m in Sources */,
				774B914018EC7D6A00D028BE /* main.m in Sources */,
				774B914D18EC7D6A00D028BE /* mbaLabelsViewController.m in Sources */,
				77B4C19F193F7E2F00CEA6B2 /* mbaButtonsViewController.m in Sources */,
				77A57A3519365D590039B742 /* mbaLabelsView.m in Sources */,
				77B4C1A2193F8CA000CEA6B2 /* mbaBaseViewController.m in Sources */,
				774B914418EC7D6A00D028BE /* mbaAppDelegate.m in Sources */,
				777439F6192D19EE001CDBAD /* mbaSettingsView.m in Sources */,
				774B915018EC7D6A00D028BE /* mbaSettingsViewController.m in Sources */,
			);
			runOnlyForDeploymentPostprocessing = 0;
		};
		774B915318EC7D6B00D028BE /* Sources */ = {
			isa = PBXSourcesBuildPhase;
			buildActionMask = 2147483647;
			files = (
				774B916518EC7D6B00D028BE /* carTests.m in Sources */,
			);
			runOnlyForDeploymentPostprocessing = 0;
		};
/* End PBXSourcesBuildPhase section */

/* Begin PBXTargetDependency section */
		774B915D18EC7D6B00D028BE /* PBXTargetDependency */ = {
			isa = PBXTargetDependency;
			target = 774B912F18EC7D6A00D028BE /* car */;
			targetProxy = 774B915C18EC7D6B00D028BE /* PBXContainerItemProxy */;
		};
/* End PBXTargetDependency section */

/* Begin PBXVariantGroup section */
		774B913C18EC7D6A00D028BE /* InfoPlist.strings */ = {
			isa = PBXVariantGroup;
			children = (
				774B913D18EC7D6A00D028BE /* en */,
			);
			name = InfoPlist.strings;
			sourceTree = "<group>";
		};
		774B914518EC7D6A00D028BE /* Main_iPhone.storyboard */ = {
			isa = PBXVariantGroup;
			children = (
				774B914618EC7D6A00D028BE /* Base */,
			);
			name = Main_iPhone.storyboard;
			sourceTree = "<group>";
		};
		774B914818EC7D6A00D028BE /* Main_iPad.storyboard */ = {
			isa = PBXVariantGroup;
			children = (
				774B914918EC7D6A00D028BE /* Base */,
			);
			name = Main_iPad.storyboard;
			sourceTree = "<group>";
		};
		774B916118EC7D6B00D028BE /* InfoPlist.strings */ = {
			isa = PBXVariantGroup;
			children = (
				774B916218EC7D6B00D028BE /* en */,
			);
			name = InfoPlist.strings;
			sourceTree = "<group>";
		};
/* End PBXVariantGroup section */

/* Begin XCBuildConfiguration section */
		774B916618EC7D6B00D028BE /* Debug */ = {
			isa = XCBuildConfiguration;
			buildSettings = {
				ALWAYS_SEARCH_USER_PATHS = NO;
				CLANG_CXX_LANGUAGE_STANDARD = "gnu++0x";
				CLANG_CXX_LIBRARY = "libc++";
				CLANG_ENABLE_MODULES = YES;
				CLANG_ENABLE_OBJC_ARC = YES;
				CLANG_WARN_BOOL_CONVERSION = YES;
				CLANG_WARN_CONSTANT_CONVERSION = YES;
				CLANG_WARN_DIRECT_OBJC_ISA_USAGE = YES_ERROR;
				CLANG_WARN_EMPTY_BODY = YES;
				CLANG_WARN_ENUM_CONVERSION = YES;
				CLANG_WARN_INT_CONVERSION = YES;
				CLANG_WARN_OBJC_ROOT_CLASS = YES_ERROR;
				CLANG_WARN__DUPLICATE_METHOD_MATCH = YES;
				"CODE_SIGN_IDENTITY[sdk=iphoneos*]" = "iPhone Developer";
				COPY_PHASE_STRIP = NO;
				GCC_C_LANGUAGE_STANDARD = gnu99;
				GCC_DYNAMIC_NO_PIC = NO;
				GCC_OPTIMIZATION_LEVEL = 0;
				GCC_PREPROCESSOR_DEFINITIONS = (
					"DEBUG=1",
					"$(inherited)",
				);
				GCC_SYMBOLS_PRIVATE_EXTERN = NO;
				GCC_WARN_64_TO_32_BIT_CONVERSION = YES;
				GCC_WARN_ABOUT_RETURN_TYPE = YES_ERROR;
				GCC_WARN_UNDECLARED_SELECTOR = YES;
				GCC_WARN_UNINITIALIZED_AUTOS = YES_AGGRESSIVE;
				GCC_WARN_UNUSED_FUNCTION = YES;
				GCC_WARN_UNUSED_VARIABLE = YES;
				IPHONEOS_DEPLOYMENT_TARGET = 7.1;
				ONLY_ACTIVE_ARCH = YES;
				SDKROOT = iphoneos;
				TARGETED_DEVICE_FAMILY = "1,2";
			};
			name = Debug;
		};
		774B916718EC7D6B00D028BE /* Release */ = {
			isa = XCBuildConfiguration;
			buildSettings = {
				ALWAYS_SEARCH_USER_PATHS = NO;
				CLANG_CXX_LANGUAGE_STANDARD = "gnu++0x";
				CLANG_CXX_LIBRARY = "libc++";
				CLANG_ENABLE_MODULES = YES;
				CLANG_ENABLE_OBJC_ARC = YES;
				CLANG_WARN_BOOL_CONVERSION = YES;
				CLANG_WARN_CONSTANT_CONVERSION = YES;
				CLANG_WARN_DIRECT_OBJC_ISA_USAGE = YES_ERROR;
				CLANG_WARN_EMPTY_BODY = YES;
				CLANG_WARN_ENUM_CONVERSION = YES;
				CLANG_WARN_INT_CONVERSION = YES;
				CLANG_WARN_OBJC_ROOT_CLASS = YES_ERROR;
				CLANG_WARN__DUPLICATE_METHOD_MATCH = YES;
				"CODE_SIGN_IDENTITY[sdk=iphoneos*]" = "iPhone Developer";
				COPY_PHASE_STRIP = YES;
				ENABLE_NS_ASSERTIONS = NO;
				GCC_C_LANGUAGE_STANDARD = gnu99;
				GCC_WARN_64_TO_32_BIT_CONVERSION = YES;
				GCC_WARN_ABOUT_RETURN_TYPE = YES_ERROR;
				GCC_WARN_UNDECLARED_SELECTOR = YES;
				GCC_WARN_UNINITIALIZED_AUTOS = YES_AGGRESSIVE;
				GCC_WARN_UNUSED_FUNCTION = YES;
				GCC_WARN_UNUSED_VARIABLE = YES;
				IPHONEOS_DEPLOYMENT_TARGET = 7.1;
				SDKROOT = iphoneos;
				TARGETED_DEVICE_FAMILY = "1,2";
				VALIDATE_PRODUCT = YES;
			};
			name = Release;
		};
		774B916918EC7D6B00D028BE /* Debug */ = {
			isa = XCBuildConfiguration;
			baseConfigurationReference = ACD120DE3BDC466A926E7731 /* Pods.xcconfig */;
			buildSettings = {
				ASSETCATALOG_COMPILER_APPICON_NAME = AppIcon;
				ASSETCATALOG_COMPILER_LAUNCHIMAGE_NAME = LaunchImage;
				GCC_PRECOMPILE_PREFIX_HEADER = YES;
				GCC_PREFIX_HEADER = "car/car-Prefix.pch";
				INFOPLIST_FILE = "car/car-Info.plist";
				PRODUCT_NAME = "$(TARGET_NAME)";
				WRAPPER_EXTENSION = app;
			};
			name = Debug;
		};
		774B916A18EC7D6B00D028BE /* Release */ = {
			isa = XCBuildConfiguration;
			baseConfigurationReference = ACD120DE3BDC466A926E7731 /* Pods.xcconfig */;
			buildSettings = {
				ASSETCATALOG_COMPILER_APPICON_NAME = AppIcon;
				ASSETCATALOG_COMPILER_LAUNCHIMAGE_NAME = LaunchImage;
				GCC_PRECOMPILE_PREFIX_HEADER = YES;
				GCC_PREFIX_HEADER = "car/car-Prefix.pch";
				INFOPLIST_FILE = "car/car-Info.plist";
				PRODUCT_NAME = "$(TARGET_NAME)";
				WRAPPER_EXTENSION = app;
			};
			name = Release;
		};
		774B916C18EC7D6B00D028BE /* Debug */ = {
			isa = XCBuildConfiguration;
			buildSettings = {
				BUNDLE_LOADER = "$(BUILT_PRODUCTS_DIR)/car.app/car";
				FRAMEWORK_SEARCH_PATHS = (
					"$(SDKROOT)/Developer/Library/Frameworks",
					"$(inherited)",
					"$(DEVELOPER_FRAMEWORKS_DIR)",
				);
				GCC_PRECOMPILE_PREFIX_HEADER = YES;
				GCC_PREFIX_HEADER = "car/car-Prefix.pch";
				GCC_PREPROCESSOR_DEFINITIONS = (
					"DEBUG=1",
					"$(inherited)",
				);
				INFOPLIST_FILE = "carTests/carTests-Info.plist";
				PRODUCT_NAME = "$(TARGET_NAME)";
				TEST_HOST = "$(BUNDLE_LOADER)";
				WRAPPER_EXTENSION = xctest;
			};
			name = Debug;
		};
		774B916D18EC7D6B00D028BE /* Release */ = {
			isa = XCBuildConfiguration;
			buildSettings = {
				BUNDLE_LOADER = "$(BUILT_PRODUCTS_DIR)/car.app/car";
				FRAMEWORK_SEARCH_PATHS = (
					"$(SDKROOT)/Developer/Library/Frameworks",
					"$(inherited)",
					"$(DEVELOPER_FRAMEWORKS_DIR)",
				);
				GCC_PRECOMPILE_PREFIX_HEADER = YES;
				GCC_PREFIX_HEADER = "car/car-Prefix.pch";
				INFOPLIST_FILE = "carTests/carTests-Info.plist";
				PRODUCT_NAME = "$(TARGET_NAME)";
				TEST_HOST = "$(BUNDLE_LOADER)";
				WRAPPER_EXTENSION = xctest;
			};
			name = Release;
		};
/* End XCBuildConfiguration section */

/* Begin XCConfigurationList section */
		774B912B18EC7D6A00D028BE /* Build configuration list for PBXProject "car" */ = {
			isa = XCConfigurationList;
			buildConfigurations = (
				774B916618EC7D6B00D028BE /* Debug */,
				774B916718EC7D6B00D028BE /* Release */,
			);
			defaultConfigurationIsVisible = 0;
			defaultConfigurationName = Release;
		};
		774B916818EC7D6B00D028BE /* Build configuration list for PBXNativeTarget "car" */ = {
			isa = XCConfigurationList;
			buildConfigurations = (
				774B916918EC7D6B00D028BE /* Debug */,
				774B916A18EC7D6B00D028BE /* Release */,
			);
			defaultConfigurationIsVisible = 0;
			defaultConfigurationName = Release;
		};
		774B916B18EC7D6B00D028BE /* Build configuration list for PBXNativeTarget "carTests" */ = {
			isa = XCConfigurationList;
			buildConfigurations = (
				774B916C18EC7D6B00D028BE /* Debug */,
				774B916D18EC7D6B00D028BE /* Release */,
			);
			defaultConfigurationIsVisible = 0;
			defaultConfigurationName = Release;
		};
/* End XCConfigurationList section */
	};
	rootObject = 774B912818EC7D6A00D028BE /* Project object */;
}
